
Microsoft Visual Studio Solution File, Format Version 12.00
# Visual Studio Version 16
VisualStudioVersion = 16.0.31313.79
MinimumVisualStudioVersion = 10.0.40219.1
Project("{FAE04EC0-301F-11D3-BF4B-00C04F79EFBC}") = "Workshop.APIsRestful.Web", "Workshop.APIsRestful.Web\Workshop.APIsRestful.Web.csproj", "{E497014C-7E28-4ACE-96BF-9AE29CED882A}"
EndProject
Project("{FAE04EC0-301F-11D3-BF4B-00C04F79EFBC}") = "Workshop.APIsRestful.Domain", "Workshop.APIsRestful.Domain\Workshop.APIsRestful.Domain.csproj", "{34096ACA-083D-4218-9A55-851155F74D8C}"
EndProject
Project("{FAE04EC0-301F-11D3-BF4B-00C04F79EFBC}") = "Workshop.APIsRestful.Business", "Workshop.APIsRestful.Business\Workshop.APIsRestful.Business.csproj", "{AAADAB45-6076-4122-9561-8E3BFF6BEF37}"
EndProject
Global
	GlobalSection(SolutionConfigurationPlatforms) = preSolution
		Debug|Any CPU = Debug|Any CPU
		Release|Any CPU = Release|Any CPU
	EndGlobalSection
	GlobalSection(ProjectConfigurationPlatforms) = postSolution
		{E497014C-7E28-4ACE-96BF-9AE29CED882A}.Debug|Any CPU.ActiveCfg = Debug|Any CPU
		{E497014C-7E28-4ACE-96BF-9AE29CED882A}.Debug|Any CPU.Build.0 = Debug|Any CPU
		{E497014C-7E28-4ACE-96BF-9AE29CED882A}.Release|Any CPU.ActiveCfg = Release|Any CPU
		{E497014C-7E28-4ACE-96BF-9AE29CED882A}.Release|Any CPU.Build.0 = Release|Any CPU
		{34096ACA-083D-4218-9A55-851155F74D8C}.Debug|Any CPU.ActiveCfg = Debug|Any CPU
		{34096ACA-083D-4218-9A55-851155F74D8C}.Debug|Any CPU.Build.0 = Debug|Any CPU
		{34096ACA-083D-4218-9A55-851155F74D8C}.Release|Any CPU.ActiveCfg = Release|Any CPU
		{34096ACA-083D-4218-9A55-851155F74D8C}.Release|Any CPU.Build.0 = Release|Any CPU
		{AAADAB45-6076-4122-9561-8E3BFF6BEF37}.Debug|Any CPU.ActiveCfg = Debug|Any CPU
		{AAADAB45-6076-4122-9561-8E3BFF6BEF37}.Debug|Any CPU.Build.0 = Debug|Any CPU
		{AAADAB45-6076-4122-9561-8E3BFF6BEF37}.Release|Any CPU.ActiveCfg = Release|Any CPU
		{AAADAB45-6076-4122-9561-8E3BFF6BEF37}.Release|Any CPU.Build.0 = Release|Any CPU
	EndGlobalSection
	GlobalSection(SolutionProperties) = preSolution
		HideSolutionNode = FALSE
	EndGlobalSection
	GlobalSection(ExtensibilityGlobals) = postSolution
		SolutionGuid = {001689BD-8A57-4070-B3A3-B5AD2422E574}
	EndGlobalSection
EndGlobal
